
Microsoft Visual Studio Solution File, Format Version 12.00
# Visual Studio 2013
VisualStudioVersion = 12.0.30723.0
MinimumVisualStudioVersion = 10.0.40219.1
Project("{FAE04EC0-301F-11D3-BF4B-00C04F79EFBC}") = "Elders.Cronus.Persistence.MSSQL", "Elders.Cronus.Persistence.MSSQL\Elders.Cronus.Persistence.MSSQL.csproj", "{BA1F1AEE-5F4B-40BF-8F42-9C3CCA157355}"
EndProject
Global
	GlobalSection(SolutionConfigurationPlatforms) = preSolution
		Debug|Any CPU = Debug|Any CPU
		Release|Any CPU = Release|Any CPU
	EndGlobalSection
	GlobalSection(ProjectConfigurationPlatforms) = postSolution
		{BA1F1AEE-5F4B-40BF-8F42-9C3CCA157355}.Debug|Any CPU.ActiveCfg = Debug|Any CPU
		{BA1F1AEE-5F4B-40BF-8F42-9C3CCA157355}.Debug|Any CPU.Build.0 = Debug|Any CPU
		{BA1F1AEE-5F4B-40BF-8F42-9C3CCA157355}.Release|Any CPU.ActiveCfg = Release|Any CPU
		{BA1F1AEE-5F4B-40BF-8F42-9C3CCA157355}.Release|Any CPU.Build.0 = Release|Any CPU
	EndGlobalSection
	GlobalSection(SolutionProperties) = preSolution
		HideSolutionNode = FALSE
	EndGlobalSection
EndGlobal
